
Microsoft Visual Studio Solution File, Format Version 12.00
# Visual Studio 15
VisualStudioVersion = 15.0.27428.1
MinimumVisualStudioVersion = 10.0.40219.1
Project("{F2A71F9B-5D33-465A-A702-920D77279786}") = "MarkovNextGen", "MarkovNextGen\MarkovNextGen.fsproj", "{362B2BC8-F5D7-4660-B220-18E1E6C7E59B}"
EndProject
Global
	GlobalSection(SolutionConfigurationPlatforms) = preSolution
		Debug|Any CPU = Debug|Any CPU
		Release|Any CPU = Release|Any CPU
	EndGlobalSection
	GlobalSection(ProjectConfigurationPlatforms) = postSolution
		{362B2BC8-F5D7-4660-B220-18E1E6C7E59B}.Debug|Any CPU.ActiveCfg = Debug|Any CPU
		{362B2BC8-F5D7-4660-B220-18E1E6C7E59B}.Debug|Any CPU.Build.0 = Debug|Any CPU
		{362B2BC8-F5D7-4660-B220-18E1E6C7E59B}.Release|Any CPU.ActiveCfg = Release|Any CPU
		{362B2BC8-F5D7-4660-B220-18E1E6C7E59B}.Release|Any CPU.Build.0 = Release|Any CPU
	EndGlobalSection
	GlobalSection(SolutionProperties) = preSolution
		HideSolutionNode = FALSE
	EndGlobalSection
	GlobalSection(ExtensibilityGlobals) = postSolution
		SolutionGuid = {3E31AE09-1A77-4CF5-B583-A59C3C6C8E31}
	EndGlobalSection
EndGlobal
